<?xml version="1.0" encoding="utf-8"?>
<Project ToolsVersion="4.0" xmlns="http://schemas.microsoft.com/developer/msbuild/2003">
  <ItemGroup>
    <Filter Include="Resource Files">
      <UniqueIdentifier>{67DA6AB6-F800-4c08-8B7A-83BB121AAD01}</UniqueIdentifier>
      <Extensions>rc;ico;cur;bmp;dlg;rc2;rct;bin;rgs;gif;jpg;jpeg;jpe;resx;tiff;tif;png;wav;mfcribbon-ms</Extensions>
    </Filter>
    <Filter Include="Postmaster">
      <UniqueIdentifier>{5143f5bb-3231-4124-9d4b-e35659fdbb21}</UniqueIdentifier>
    </Filter>
    <Filter Include="Super">
      <UniqueIdentifier>{e333482c-bf01-42a6-aea8-d2f5da58fd0a}</UniqueIdentifier>
    </Filter>
    <Filter Include="Managers">
      <UniqueIdentifier>{c1a0eca2-58d2-4ff4-9837-1cb3bcfdd81f}</UniqueIdentifier>
    </Filter>
    <Filter Include="Factories">
      <UniqueIdentifier>{067cd807-4c65-40dc-824b-1416f7e5e7e7}</UniqueIdentifier>
    </Filter>
    <Filter Include="Game">
      <UniqueIdentifier>{93ef906e-be1b-45e6-af28-692d4ddaeea3}</UniqueIdentifier>
    </Filter>
    <Filter Include="Player">
      <UniqueIdentifier>{3376e73d-1b13-455d-98b6-1dd6ae66a329}</UniqueIdentifier>
    </Filter>
    <Filter Include="Util">
      <UniqueIdentifier>{8356386a-cc54-408b-b53a-8c99124be1f9}</UniqueIdentifier>
    </Filter>
    <Filter Include="Containers">
      <UniqueIdentifier>{da9dcfa5-f52d-4a42-b837-7420ccfd7d9c}</UniqueIdentifier>
    </Filter>
    <Filter Include="UI">
      <UniqueIdentifier>{8e9ab80d-83de-4bf3-ac9f-94ca8603af5d}</UniqueIdentifier>
    </Filter>
    <Filter Include="Graphics">
      <UniqueIdentifier>{c9fcdd7b-790c-4a48-90cb-95fe697f3662}</UniqueIdentifier>
    </Filter>
  </ItemGroup>
  <ItemGroup>
    <ClCompile Include="Containers\AssetContainer.cpp">
      <Filter>Containers</Filter>
    </ClCompile>
    <ClCompile Include="Factories\ParticleEmitterFactory.cpp">
      <Filter>Factories</Filter>
    </ClCompile>
    <ClCompile Include="Game\CharacterSheet.cpp">
      <Filter>Game</Filter>
    </ClCompile>
    <ClCompile Include="Game\Game.cpp">
      <Filter>Game</Filter>
    </ClCompile>
    <ClCompile Include="Game\Nautical Miner.cpp">
      <Filter>Game</Filter>
    </ClCompile>
    <ClCompile Include="Game\Scene.cpp">
      <Filter>Game</Filter>
    </ClCompile>
    <ClCompile Include="Graphics\Animator.cpp">
      <Filter>Graphics</Filter>
    </ClCompile>
    <ClCompile Include="Graphics\Spritesheet.cpp">
      <Filter>Graphics</Filter>
    </ClCompile>
    <ClCompile Include="Util\Debug.cpp">
      <Filter>Util</Filter>
    </ClCompile>
    <ClCompile Include="Util\GrowingArray.cpp">
      <Filter>Util</Filter>
    </ClCompile>
    <ClCompile Include="Util\Util.cpp">
      <Filter>Util</Filter>
    </ClCompile>
    <ClCompile Include="Super\Entity.cpp">
      <Filter>Super</Filter>
    </ClCompile>
    <ClCompile Include="Postmaster\Subscriber.cpp">
      <Filter>Postmaster</Filter>
    </ClCompile>
    <ClCompile Include="Postmaster\PostMaster.cpp">
      <Filter>Postmaster</Filter>
    </ClCompile>
    <ClCompile Include="Postmaster\Message.cpp">
      <Filter>Postmaster</Filter>
    </ClCompile>
    <ClCompile Include="Player\Player.cpp">
      <Filter>Player</Filter>
    </ClCompile>
    <ClCompile Include="Managers\ParticleManager.cpp">
      <Filter>Managers</Filter>
    </ClCompile>
    <ClCompile Include="Managers\DrawManager.cpp">
      <Filter>Managers</Filter>
    </ClCompile>
    <ClCompile Include="Managers\DiceManager.cpp">
      <Filter>Managers</Filter>
    </ClCompile>
    <ClCompile Include="Graphics\ParticleEmitter.cpp">
      <Filter>Graphics</Filter>
    </ClCompile>
  </ItemGroup>
  <ItemGroup>
    <ClInclude Include="Containers\AssetContainer.h">
      <Filter>Containers</Filter>
    </ClInclude>
    <ClInclude Include="Factories\ParticleEmitterFactory.h">
      <Filter>Factories</Filter>
    </ClInclude>
    <ClInclude Include="Game\CharacterSheet.h">
      <Filter>Game</Filter>
    </ClInclude>
    <ClInclude Include="Game\Game.h">
      <Filter>Game</Filter>
    </ClInclude>
    <ClInclude Include="Game\Scene.h">
      <Filter>Game</Filter>
    </ClInclude>
    <ClInclude Include="Graphics\Spritesheet.h">
      <Filter>Graphics</Filter>
    </ClInclude>
    <ClInclude Include="resource.h" />
    <ClInclude Include="Util\Debug.h">
      <Filter>Util</Filter>
    </ClInclude>
    <ClInclude Include="Util\Enum.h">
      <Filter>Util</Filter>
    </ClInclude>
    <ClInclude Include="Util\GrowingArray.h">
      <Filter>Util</Filter>
    </ClInclude>
    <ClInclude Include="Util\Util.h">
      <Filter>Util</Filter>
    </ClInclude>
    <ClInclude Include="pch.h" />
    <ClInclude Include="Super\Entity.h">
      <Filter>Super</Filter>
    </ClInclude>
    <ClInclude Include="Postmaster\Subscriber.h">
      <Filter>Postmaster</Filter>
    </ClInclude>
    <ClInclude Include="Postmaster\PostMaster.h">
      <Filter>Postmaster</Filter>
    </ClInclude>
    <ClInclude Include="Postmaster\Message.h">
      <Filter>Postmaster</Filter>
    </ClInclude>
    <ClInclude Include="Player\Player.h">
      <Filter>Player</Filter>
    </ClInclude>
    <ClInclude Include="Managers\ParticleManager.h">
      <Filter>Managers</Filter>
    </ClInclude>
    <ClInclude Include="Managers\DrawManager.h">
      <Filter>Managers</Filter>
    </ClInclude>
    <ClInclude Include="Managers\DiceManager.h">
      <Filter>Managers</Filter>
    </ClInclude>
    <ClInclude Include="Graphics\Animator.h">
      <Filter>Graphics</Filter>
    </ClInclude>
    <ClInclude Include="Graphics\ParticleEmitter.h">
      <Filter>Graphics</Filter>
    </ClInclude>
    <ClInclude Include="Util\Colors.h">
      <Filter>Util</Filter>
    </ClInclude>
  </ItemGroup>
  <ItemGroup>
    <ResourceCompile Include="Nautical Miner.rc">
      <Filter>Resource Files</Filter>
    </ResourceCompile>
  </ItemGroup>
</Project>