<?xml version="1.0" encoding="utf-8"?>
<Project ToolsVersion="4.0" xmlns="http://schemas.microsoft.com/developer/msbuild/2003">
  <ItemGroup>
    <Filter Include="Resource Files">
      <UniqueIdentifier>{67DA6AB6-F800-4c08-8B7A-83BB121AAD01}</UniqueIdentifier>
      <Extensions>rc;ico;cur;bmp;dlg;rc2;rct;bin;rgs;gif;jpg;jpeg;jpe;resx;tiff;tif;png;wav;mfcribbon-ms</Extensions>
    </Filter>
  </ItemGroup>
  <ItemGroup>
    <ClCompile Include="Postmaster\Message.cpp" />
    <ClCompile Include="Postmaster\PostMaster.cpp" />
    <ClCompile Include="Postmaster\Subscriber.cpp" />
    <ClCompile Include="Graphics\Animator.cpp" />
    <ClCompile Include="Graphics\Spritesheet.cpp" />
    <ClCompile Include="Containers\AssetContainer.cpp" />
    <ClCompile Include="UI\UIButton.cpp" />
    <ClCompile Include="Events\KeyboardEventHandler.cpp" />
    <ClCompile Include="Events\MouseEventHandler.cpp" />
    <ClCompile Include="Util\Util.cpp" />
    <ClCompile Include="Graphics\Particles\Fountain.cpp" />
    <ClCompile Include="Graphics\Particles\Cloud.cpp" />
    <ClCompile Include="Graphics\Particles\Explosion.cpp" />
    <ClCompile Include="Graphics\Particles\Shower.cpp" />
    <ClCompile Include="Graphics\Particles\ParticleEmitter.cpp" />
    <ClCompile Include="Graphics\Managers\ParticleManager.cpp" />
    <ClCompile Include="Graphics\Factories\ParticleEmitterFactory.cpp" />
    <ClCompile Include="UI\Button.cpp" />
    <ClCompile Include="Events\GamePadEventHandler.cpp" />
    <ClCompile Include="Settings\GameSettings.cpp" />
  </ItemGroup>
  <ItemGroup>
    <ClInclude Include="Postmaster\Message.h" />
    <ClInclude Include="Postmaster\PostMaster.h" />
    <ClInclude Include="Postmaster\Subscriber.h" />
    <ClInclude Include="Graphics\Animator.h" />
    <ClInclude Include="Graphics\Spritesheet.h" />
    <ClInclude Include="Containers\AssetContainer.h" />
    <ClInclude Include="UI\UIButton.h" />
    <ClInclude Include="Events\KeyboardEventHandler.h" />
    <ClInclude Include="Events\MouseEventHandler.h" />
    <ClInclude Include="Graphics\Colors.h" />
    <ClInclude Include="Util\Util.h" />
    <ClInclude Include="Graphics\Particles\Fountain.h" />
    <ClInclude Include="Graphics\Particles\Cloud.h" />
    <ClInclude Include="Graphics\Particles\Explosion.h" />
    <ClInclude Include="Graphics\Particles\Shower.h" />
    <ClInclude Include="Graphics\Particles\ParticleEmitter.h" />
    <ClInclude Include="Graphics\Particles\Enum.h" />
    <ClInclude Include="Graphics\Managers\ParticleManager.h" />
    <ClInclude Include="Graphics\Factories\ParticleEmitterFactory.h" />
    <ClInclude Include="UI\Button.h" />
    <ClInclude Include="Events\GamePadEventHandler.h" />
    <ClInclude Include="Events\GamePadDefinitions.h" />
    <ClInclude Include="Postmaster\MessageType.h" />
    <ClInclude Include="Settings\GameSettings.h" />
  </ItemGroup>
</Project>